
Microsoft Visual Studio Solution File, Format Version 12.00
# Visual Studio Version 16
VisualStudioVersion = 16.0.29728.190
MinimumVisualStudioVersion = 10.0.40219.1
Project("{FAE04EC0-301F-11D3-BF4B-00C04F79EFBC}") = "BloodBank", "BloodBank.csproj", "{24E24D1B-28DD-45A2-B615-B88DDCDA68D2}"
EndProject
Global
	GlobalSection(SolutionConfigurationPlatforms) = preSolution
		Debug|Any CPU = Debug|Any CPU
		Release|Any CPU = Release|Any CPU
	EndGlobalSection
	GlobalSection(ProjectConfigurationPlatforms) = postSolution
		{24E24D1B-28DD-45A2-B615-B88DDCDA68D2}.Debug|Any CPU.ActiveCfg = Debug|Any CPU
		{24E24D1B-28DD-45A2-B615-B88DDCDA68D2}.Debug|Any CPU.Build.0 = Debug|Any CPU
		{24E24D1B-28DD-45A2-B615-B88DDCDA68D2}.Release|Any CPU.ActiveCfg = Release|Any CPU
		{24E24D1B-28DD-45A2-B615-B88DDCDA68D2}.Release|Any CPU.Build.0 = Release|Any CPU
	EndGlobalSection
	GlobalSection(SolutionProperties) = preSolution
		HideSolutionNode = FALSE
	EndGlobalSection
	GlobalSection(ExtensibilityGlobals) = postSolution
		SolutionGuid = {12D568A9-ED26-42AC-AA09-CECF3E7823D9}
	EndGlobalSection
EndGlobal
